// !$*UTF8*$!
{
	archiveVersion = 1;
	classes = {
	};
	objectVersion = 55;
	objects = {

/* Begin PBXBuildFile section */
		06012DAA278E658B00964E0E /* Worker.swift in Sources */ = {isa = PBXBuildFile; fileRef = 06012DA9278E658B00964E0E /* Worker.swift */; };
		06012DAC278E6CD200964E0E /* PhrasesCode.swift in Sources */ = {isa = PBXBuildFile; fileRef = 06012DAB278E6CD200964E0E /* PhrasesCode.swift */; };
		06012DB0278E721B00964E0E /* WorkerNode.swift in Sources */ = {isa = PBXBuildFile; fileRef = 06012DAF278E721B00964E0E /* WorkerNode.swift */; };
		062F8615278CE702008785FF /* SpriteNode+Border.swift in Sources */ = {isa = PBXBuildFile; fileRef = 062F8614278CE702008785FF /* SpriteNode+Border.swift */; };
		062F8618278CE972008785FF /* ColorPalete.swift in Sources */ = {isa = PBXBuildFile; fileRef = 062F8617278CE972008785FF /* ColorPalete.swift */; };
		062F861D278D0675008785FF /* TerminalOffice.swift in Sources */ = {isa = PBXBuildFile; fileRef = 062F861C278D0675008785FF /* TerminalOffice.swift */; };
		062F8620278D13D4008785FF /* CodeNode.swift in Sources */ = {isa = PBXBuildFile; fileRef = 062F861F278D13D4008785FF /* CodeNode.swift */; };
		062F8624278DFF98008785FF /* GameSceneTeam.swift in Sources */ = {isa = PBXBuildFile; fileRef = 062F8623278DFF98008785FF /* GameSceneTeam.swift */; };
		062F8627278E0634008785FF /* timerDeadLine.swift in Sources */ = {isa = PBXBuildFile; fileRef = 062F8626278E0634008785FF /* timerDeadLine.swift */; };
		062F862C278E236D008785FF /* TerminalTeam.swift in Sources */ = {isa = PBXBuildFile; fileRef = 062F862B278E236D008785FF /* TerminalTeam.swift */; };
		065B7C192790EDD5007E258B /* App.swift in Sources */ = {isa = PBXBuildFile; fileRef = 065B7C182790EDD5007E258B /* App.swift */; };
		065B7C1B2790F05B007E258B /* GameSceneServer.swift in Sources */ = {isa = PBXBuildFile; fileRef = 065B7C1A2790F05B007E258B /* GameSceneServer.swift */; };
		065B7C1D2790F090007E258B /* TerminalServer.swift in Sources */ = {isa = PBXBuildFile; fileRef = 065B7C1C2790F090007E258B /* TerminalServer.swift */; };
		065B7C1F27910908007E258B /* ServerNode.swift in Sources */ = {isa = PBXBuildFile; fileRef = 065B7C1E27910908007E258B /* ServerNode.swift */; };
		065B7C212791E337007E258B /* SellAppNode.swift in Sources */ = {isa = PBXBuildFile; fileRef = 065B7C202791E337007E258B /* SellAppNode.swift */; };
		065B7C232792108A007E258B /* Player.swift in Sources */ = {isa = PBXBuildFile; fileRef = 065B7C222792108A007E258B /* Player.swift */; };
		066622FF2790B56F0072A6E4 /* GameSceneDocs.swift in Sources */ = {isa = PBXBuildFile; fileRef = 066622FE2790B56F0072A6E4 /* GameSceneDocs.swift */; };
		066623012790B76C0072A6E4 /* TerminalDocs.swift in Sources */ = {isa = PBXBuildFile; fileRef = 066623002790B76C0072A6E4 /* TerminalDocs.swift */; };
		06809D6627892C2D00D3A03F /* AppDelegate.swift in Sources */ = {isa = PBXBuildFile; fileRef = 06809D6527892C2D00D3A03F /* AppDelegate.swift */; };
		06809D6C27892C2D00D3A03F /* GameSceneOffice.swift in Sources */ = {isa = PBXBuildFile; fileRef = 06809D6B27892C2D00D3A03F /* GameSceneOffice.swift */; };
		06809D6E27892C2D00D3A03F /* GameViewController.swift in Sources */ = {isa = PBXBuildFile; fileRef = 06809D6D27892C2D00D3A03F /* GameViewController.swift */; };
		06809D7127892C2D00D3A03F /* Main.storyboard in Resources */ = {isa = PBXBuildFile; fileRef = 06809D6F27892C2D00D3A03F /* Main.storyboard */; };
		06809D7327892C2F00D3A03F /* Assets.xcassets in Resources */ = {isa = PBXBuildFile; fileRef = 06809D7227892C2F00D3A03F /* Assets.xcassets */; };
		06809D7627892C2F00D3A03F /* LaunchScreen.storyboard in Resources */ = {isa = PBXBuildFile; fileRef = 06809D7427892C2F00D3A03F /* LaunchScreen.storyboard */; };
		06809D81278CAF8500D3A03F /* DeskNode.swift in Sources */ = {isa = PBXBuildFile; fileRef = 06809D80278CAF8500D3A03F /* DeskNode.swift */; };
		06809D8A278CBC5200D3A03F /* Pixel.ttf in Resources */ = {isa = PBXBuildFile; fileRef = 06809D87278CB90400D3A03F /* Pixel.ttf */; };
		06809D8C278CBCCE00D3A03F /* BackgroundNode.swift in Sources */ = {isa = PBXBuildFile; fileRef = 06809D8B278CBCCE00D3A03F /* BackgroundNode.swift */; };
		06809D8E278CC2F700D3A03F /* ScreemNode.swift in Sources */ = {isa = PBXBuildFile; fileRef = 06809D8D278CC2F700D3A03F /* ScreemNode.swift */; };
		06809D90278CCFF600D3A03F /* WindowNode.swift in Sources */ = {isa = PBXBuildFile; fileRef = 06809D8F278CCFF600D3A03F /* WindowNode.swift */; };
		06809D93278CD29100D3A03F /* ButtonTabBarNode.swift in Sources */ = {isa = PBXBuildFile; fileRef = 06809D92278CD29100D3A03F /* ButtonTabBarNode.swift */; };
		0686D84B2796120C007C3533 /* InfoButton.swift in Sources */ = {isa = PBXBuildFile; fileRef = 0686D84A2796120C007C3533 /* InfoButton.swift */; };
		0686D84D27972F85007C3533 /* WorkerType.swift in Sources */ = {isa = PBXBuildFile; fileRef = 0686D84C27972F85007C3533 /* WorkerType.swift */; };
		0686D84F279751B7007C3533 /* EnumWorkweType3.swift in Sources */ = {isa = PBXBuildFile; fileRef = 0686D84E279751B7007C3533 /* EnumWorkweType3.swift */; };
		0686D8512798CD72007C3533 /* SKScene+RainMoney.swift in Sources */ = {isa = PBXBuildFile; fileRef = 0686D8502798CD72007C3533 /* SKScene+RainMoney.swift */; };
		06E917B7279A0C6700DEA189 /* BoxNode.swift in Sources */ = {isa = PBXBuildFile; fileRef = 06E917B6279A0C6700DEA189 /* BoxNode.swift */; };
		06E917B9279A0CA600DEA189 /* GameSceneShop.swift in Sources */ = {isa = PBXBuildFile; fileRef = 06E917B8279A0CA600DEA189 /* GameSceneShop.swift */; };
		06E917BB279A10F600DEA189 /* TerminalShop.swift in Sources */ = {isa = PBXBuildFile; fileRef = 06E917BA279A10F600DEA189 /* TerminalShop.swift */; };
		06E917BD279A14B300DEA189 /* Upgrade.swift in Sources */ = {isa = PBXBuildFile; fileRef = 06E917BC279A14B300DEA189 /* Upgrade.swift */; };
		06E917C1279A1C4B00DEA189 /* UpgradeNode.swift in Sources */ = {isa = PBXBuildFile; fileRef = 06E917C0279A1C4B00DEA189 /* UpgradeNode.swift */; };
		06E917CA279B562700DEA189 /* ModelData.swift in Sources */ = {isa = PBXBuildFile; fileRef = 06E917C9279B562700DEA189 /* ModelData.swift */; };
		06E917CD279B5AC800DEA189 /* worker.json in Resources */ = {isa = PBXBuildFile; fileRef = 06E917CC279B5AC800DEA189 /* worker.json */; };
		06E917CF279B5B1D00DEA189 /* upgrades.json in Resources */ = {isa = PBXBuildFile; fileRef = 06E917CE279B5B1D00DEA189 /* upgrades.json */; };
		06E917D1279B5B4500DEA189 /* workerType.json in Resources */ = {isa = PBXBuildFile; fileRef = 06E917D0279B5B4500DEA189 /* workerType.json */; };
		06E917E327A080A900DEA189 /* ManegerGamerCenter.swift in Sources */ = {isa = PBXBuildFile; fileRef = 06E917E227A080A900DEA189 /* ManegerGamerCenter.swift */; };
		06E917E527A08E3300DEA189 /* RankButtonNode.swift in Sources */ = {isa = PBXBuildFile; fileRef = 06E917E427A08E3300DEA189 /* RankButtonNode.swift */; };
		06E917E927A0A51300DEA189 /* EnumWorkweType2.swift in Sources */ = {isa = PBXBuildFile; fileRef = 06E917E827A0A51300DEA189 /* EnumWorkweType2.swift */; };
		06E917EB27A1D74D00DEA189 /* munro.ttf in Resources */ = {isa = PBXBuildFile; fileRef = 06E917EA27A1D74C00DEA189 /* munro.ttf */; };
		06E917ED27A1E94400DEA189 /* tutorialNode.swift in Sources */ = {isa = PBXBuildFile; fileRef = 06E917EC27A1E94400DEA189 /* tutorialNode.swift */; };
		06E917EF27A33E3300DEA189 /* Int+NumRedable.swift in Sources */ = {isa = PBXBuildFile; fileRef = 06E917EE27A33E3300DEA189 /* Int+NumRedable.swift */; };
/* End PBXBuildFile section */

/* Begin PBXFileReference section */
		06012DA9278E658B00964E0E /* Worker.swift */ = {isa = PBXFileReference; lastKnownFileType = sourcecode.swift; path = Worker.swift; sourceTree = "<group>"; };
		06012DAB278E6CD200964E0E /* PhrasesCode.swift */ = {isa = PBXFileReference; lastKnownFileType = sourcecode.swift; path = PhrasesCode.swift; sourceTree = "<group>"; };
		06012DAF278E721B00964E0E /* WorkerNode.swift */ = {isa = PBXFileReference; lastKnownFileType = sourcecode.swift; path = WorkerNode.swift; sourceTree = "<group>"; };
		062F8614278CE702008785FF /* SpriteNode+Border.swift */ = {isa = PBXFileReference; lastKnownFileType = sourcecode.swift; path = "SpriteNode+Border.swift"; sourceTree = "<group>"; };
		062F8617278CE972008785FF /* ColorPalete.swift */ = {isa = PBXFileReference; lastKnownFileType = sourcecode.swift; path = ColorPalete.swift; sourceTree = "<group>"; };
		062F861C278D0675008785FF /* TerminalOffice.swift */ = {isa = PBXFileReference; lastKnownFileType = sourcecode.swift; path = TerminalOffice.swift; sourceTree = "<group>"; };
		062F861F278D13D4008785FF /* CodeNode.swift */ = {isa = PBXFileReference; lastKnownFileType = sourcecode.swift; path = CodeNode.swift; sourceTree = "<group>"; };
		062F8623278DFF98008785FF /* GameSceneTeam.swift */ = {isa = PBXFileReference; lastKnownFileType = sourcecode.swift; path = GameSceneTeam.swift; sourceTree = "<group>"; };
		062F8626278E0634008785FF /* timerDeadLine.swift */ = {isa = PBXFileReference; lastKnownFileType = sourcecode.swift; path = timerDeadLine.swift; sourceTree = "<group>"; };
		062F862B278E236D008785FF /* TerminalTeam.swift */ = {isa = PBXFileReference; lastKnownFileType = sourcecode.swift; path = TerminalTeam.swift; sourceTree = "<group>"; };
		065B7C182790EDD5007E258B /* App.swift */ = {isa = PBXFileReference; lastKnownFileType = sourcecode.swift; path = App.swift; sourceTree = "<group>"; };
		065B7C1A2790F05B007E258B /* GameSceneServer.swift */ = {isa = PBXFileReference; lastKnownFileType = sourcecode.swift; path = GameSceneServer.swift; sourceTree = "<group>"; };
		065B7C1C2790F090007E258B /* TerminalServer.swift */ = {isa = PBXFileReference; lastKnownFileType = sourcecode.swift; path = TerminalServer.swift; sourceTree = "<group>"; };
		065B7C1E27910908007E258B /* ServerNode.swift */ = {isa = PBXFileReference; lastKnownFileType = sourcecode.swift; path = ServerNode.swift; sourceTree = "<group>"; };
		065B7C202791E337007E258B /* SellAppNode.swift */ = {isa = PBXFileReference; lastKnownFileType = sourcecode.swift; path = SellAppNode.swift; sourceTree = "<group>"; };
		065B7C222792108A007E258B /* Player.swift */ = {isa = PBXFileReference; lastKnownFileType = sourcecode.swift; path = Player.swift; sourceTree = "<group>"; };
		066622FE2790B56F0072A6E4 /* GameSceneDocs.swift */ = {isa = PBXFileReference; lastKnownFileType = sourcecode.swift; path = GameSceneDocs.swift; sourceTree = "<group>"; };
		066623002790B76C0072A6E4 /* TerminalDocs.swift */ = {isa = PBXFileReference; lastKnownFileType = sourcecode.swift; path = TerminalDocs.swift; sourceTree = "<group>"; };
		06809D6227892C2D00D3A03F /* TapToMakeAnApp.app */ = {isa = PBXFileReference; explicitFileType = wrapper.application; includeInIndex = 0; path = TapToMakeAnApp.app; sourceTree = BUILT_PRODUCTS_DIR; };
		06809D6527892C2D00D3A03F /* AppDelegate.swift */ = {isa = PBXFileReference; lastKnownFileType = sourcecode.swift; path = AppDelegate.swift; sourceTree = "<group>"; };
		06809D6B27892C2D00D3A03F /* GameSceneOffice.swift */ = {isa = PBXFileReference; lastKnownFileType = sourcecode.swift; path = GameSceneOffice.swift; sourceTree = "<group>"; };
		06809D6D27892C2D00D3A03F /* GameViewController.swift */ = {isa = PBXFileReference; lastKnownFileType = sourcecode.swift; path = GameViewController.swift; sourceTree = "<group>"; };
		06809D7027892C2D00D3A03F /* Base */ = {isa = PBXFileReference; lastKnownFileType = file.storyboard; name = Base; path = Base.lproj/Main.storyboard; sourceTree = "<group>"; };
		06809D7227892C2F00D3A03F /* Assets.xcassets */ = {isa = PBXFileReference; lastKnownFileType = folder.assetcatalog; path = Assets.xcassets; sourceTree = "<group>"; };
		06809D7527892C2F00D3A03F /* Base */ = {isa = PBXFileReference; lastKnownFileType = file.storyboard; name = Base; path = Base.lproj/LaunchScreen.storyboard; sourceTree = "<group>"; };
		06809D80278CAF8500D3A03F /* DeskNode.swift */ = {isa = PBXFileReference; lastKnownFileType = sourcecode.swift; path = DeskNode.swift; sourceTree = "<group>"; };
		06809D87278CB90400D3A03F /* Pixel.ttf */ = {isa = PBXFileReference; lastKnownFileType = file; path = Pixel.ttf; sourceTree = "<group>"; };
		06809D8B278CBCCE00D3A03F /* BackgroundNode.swift */ = {isa = PBXFileReference; lastKnownFileType = sourcecode.swift; path = BackgroundNode.swift; sourceTree = "<group>"; };
		06809D8D278CC2F700D3A03F /* ScreemNode.swift */ = {isa = PBXFileReference; lastKnownFileType = sourcecode.swift; path = ScreemNode.swift; sourceTree = "<group>"; };
		06809D8F278CCFF600D3A03F /* WindowNode.swift */ = {isa = PBXFileReference; lastKnownFileType = sourcecode.swift; path = WindowNode.swift; sourceTree = "<group>"; };
		06809D92278CD29100D3A03F /* ButtonTabBarNode.swift */ = {isa = PBXFileReference; lastKnownFileType = sourcecode.swift; path = ButtonTabBarNode.swift; sourceTree = "<group>"; };
		0686D84A2796120C007C3533 /* InfoButton.swift */ = {isa = PBXFileReference; lastKnownFileType = sourcecode.swift; path = InfoButton.swift; sourceTree = "<group>"; };
		0686D84C27972F85007C3533 /* WorkerType.swift */ = {isa = PBXFileReference; lastKnownFileType = sourcecode.swift; path = WorkerType.swift; sourceTree = "<group>"; };
		0686D84E279751B7007C3533 /* EnumWorkweType3.swift */ = {isa = PBXFileReference; lastKnownFileType = sourcecode.swift; path = EnumWorkweType3.swift; sourceTree = "<group>"; };
		0686D8502798CD72007C3533 /* SKScene+RainMoney.swift */ = {isa = PBXFileReference; lastKnownFileType = sourcecode.swift; path = "SKScene+RainMoney.swift"; sourceTree = "<group>"; };
		06E917B6279A0C6700DEA189 /* BoxNode.swift */ = {isa = PBXFileReference; lastKnownFileType = sourcecode.swift; path = BoxNode.swift; sourceTree = "<group>"; };
		06E917B8279A0CA600DEA189 /* GameSceneShop.swift */ = {isa = PBXFileReference; lastKnownFileType = sourcecode.swift; path = GameSceneShop.swift; sourceTree = "<group>"; };
		06E917BA279A10F600DEA189 /* TerminalShop.swift */ = {isa = PBXFileReference; lastKnownFileType = sourcecode.swift; path = TerminalShop.swift; sourceTree = "<group>"; };
		06E917BC279A14B300DEA189 /* Upgrade.swift */ = {isa = PBXFileReference; lastKnownFileType = sourcecode.swift; path = Upgrade.swift; sourceTree = "<group>"; };
		06E917C0279A1C4B00DEA189 /* UpgradeNode.swift */ = {isa = PBXFileReference; lastKnownFileType = sourcecode.swift; path = UpgradeNode.swift; sourceTree = "<group>"; };
		06E917C6279B437B00DEA189 /* GameKit.framework */ = {isa = PBXFileReference; lastKnownFileType = wrapper.framework; name = GameKit.framework; path = System/Library/Frameworks/GameKit.framework; sourceTree = SDKROOT; };
		06E917C9279B562700DEA189 /* ModelData.swift */ = {isa = PBXFileReference; fileEncoding = 4; lastKnownFileType = sourcecode.swift; path = ModelData.swift; sourceTree = "<group>"; };
		06E917CC279B5AC800DEA189 /* worker.json */ = {isa = PBXFileReference; lastKnownFileType = text.json; path = worker.json; sourceTree = "<group>"; };
		06E917CE279B5B1D00DEA189 /* upgrades.json */ = {isa = PBXFileReference; lastKnownFileType = text.json; path = upgrades.json; sourceTree = "<group>"; };
		06E917D0279B5B4500DEA189 /* workerType.json */ = {isa = PBXFileReference; lastKnownFileType = text.json; path = workerType.json; sourceTree = "<group>"; };
		06E917DC279F6A7400DEA189 /* TapToMakeAnApp.entitlements */ = {isa = PBXFileReference; fileEncoding = 4; lastKnownFileType = text.plist.entitlements; path = TapToMakeAnApp.entitlements; sourceTree = "<group>"; };
		06E917E0279F778E00DEA189 /* en */ = {isa = PBXFileReference; lastKnownFileType = text.plist.strings; name = en; path = en.lproj/Main.strings; sourceTree = "<group>"; };
		06E917E227A080A900DEA189 /* ManegerGamerCenter.swift */ = {isa = PBXFileReference; lastKnownFileType = sourcecode.swift; path = ManegerGamerCenter.swift; sourceTree = "<group>"; };
		06E917E427A08E3300DEA189 /* RankButtonNode.swift */ = {isa = PBXFileReference; lastKnownFileType = sourcecode.swift; path = RankButtonNode.swift; sourceTree = "<group>"; };
		06E917E827A0A51300DEA189 /* EnumWorkweType2.swift */ = {isa = PBXFileReference; lastKnownFileType = sourcecode.swift; path = EnumWorkweType2.swift; sourceTree = "<group>"; };
		06E917EA27A1D74C00DEA189 /* munro.ttf */ = {isa = PBXFileReference; lastKnownFileType = file; path = munro.ttf; sourceTree = "<group>"; };
		06E917EC27A1E94400DEA189 /* tutorialNode.swift */ = {isa = PBXFileReference; lastKnownFileType = sourcecode.swift; path = tutorialNode.swift; sourceTree = "<group>"; };
		06E917EE27A33E3300DEA189 /* Int+NumRedable.swift */ = {isa = PBXFileReference; lastKnownFileType = sourcecode.swift; path = "Int+NumRedable.swift"; sourceTree = "<group>"; };
/* End PBXFileReference section */

/* Begin PBXFrameworksBuildPhase section */
		06809D5F27892C2D00D3A03F /* Frameworks */ = {
			isa = PBXFrameworksBuildPhase;
			buildActionMask = 2147483647;
			files = (
			);
			runOnlyForDeploymentPostprocessing = 0;
		};
/* End PBXFrameworksBuildPhase section */

/* Begin PBXGroup section */
		062F8613278CE6CF008785FF /* Extension */ = {
			isa = PBXGroup;
			children = (
				062F8614278CE702008785FF /* SpriteNode+Border.swift */,
				0686D8502798CD72007C3533 /* SKScene+RainMoney.swift */,
				06E917EE27A33E3300DEA189 /* Int+NumRedable.swift */,
			);
			path = Extension;
			sourceTree = "<group>";
		};
		062F8616278CE8D5008785FF /* Enum */ = {
			isa = PBXGroup;
			children = (
				062F8617278CE972008785FF /* ColorPalete.swift */,
				06012DAB278E6CD200964E0E /* PhrasesCode.swift */,
				0686D84E279751B7007C3533 /* EnumWorkweType3.swift */,
				06E917E827A0A51300DEA189 /* EnumWorkweType2.swift */,
			);
			path = Enum;
			sourceTree = "<group>";
		};
		062F8619278CFC67008785FF /* Scene */ = {
			isa = PBXGroup;
			children = (
				06809D6B27892C2D00D3A03F /* GameSceneOffice.swift */,
				062F8623278DFF98008785FF /* GameSceneTeam.swift */,
				066622FE2790B56F0072A6E4 /* GameSceneDocs.swift */,
				065B7C1A2790F05B007E258B /* GameSceneServer.swift */,
				06E917B8279A0CA600DEA189 /* GameSceneShop.swift */,
			);
			path = Scene;
			sourceTree = "<group>";
		};
		062F861E278D067B008785FF /* Terminals */ = {
			isa = PBXGroup;
			children = (
				062F861C278D0675008785FF /* TerminalOffice.swift */,
				066623002790B76C0072A6E4 /* TerminalDocs.swift */,
				062F862B278E236D008785FF /* TerminalTeam.swift */,
				065B7C1C2790F090007E258B /* TerminalServer.swift */,
				06E917BA279A10F600DEA189 /* TerminalShop.swift */,
			);
			path = Terminals;
			sourceTree = "<group>";
		};
		062F8628278E063D008785FF /* Node */ = {
			isa = PBXGroup;
			children = (
				06809D80278CAF8500D3A03F /* DeskNode.swift */,
				06809D8B278CBCCE00D3A03F /* BackgroundNode.swift */,
				06809D8D278CC2F700D3A03F /* ScreemNode.swift */,
				06809D8F278CCFF600D3A03F /* WindowNode.swift */,
				06809D92278CD29100D3A03F /* ButtonTabBarNode.swift */,
				062F861F278D13D4008785FF /* CodeNode.swift */,
				06012DAF278E721B00964E0E /* WorkerNode.swift */,
				065B7C1E27910908007E258B /* ServerNode.swift */,
				065B7C202791E337007E258B /* SellAppNode.swift */,
				0686D84A2796120C007C3533 /* InfoButton.swift */,
				06E917B6279A0C6700DEA189 /* BoxNode.swift */,
				06E917C0279A1C4B00DEA189 /* UpgradeNode.swift */,
				06E917E427A08E3300DEA189 /* RankButtonNode.swift */,
				06E917EC27A1E94400DEA189 /* tutorialNode.swift */,
			);
			path = Node;
			sourceTree = "<group>";
		};
		065B7C2427921C84007E258B /* Data */ = {
			isa = PBXGroup;
			children = (
				06E917CB279B59F400DEA189 /* json */,
				062F8616278CE8D5008785FF /* Enum */,
				06E917C8279B560D00DEA189 /* Modal */,
				065B7C222792108A007E258B /* Player.swift */,
				06012DA9278E658B00964E0E /* Worker.swift */,
				06E917BC279A14B300DEA189 /* Upgrade.swift */,
				065B7C182790EDD5007E258B /* App.swift */,
				0686D84C27972F85007C3533 /* WorkerType.swift */,
			);
			path = Data;
			sourceTree = "<group>";
		};
		06809D5927892C2D00D3A03F = {
			isa = PBXGroup;
			children = (
				06809D6427892C2D00D3A03F /* TapToMakeAnApp */,
				06809D6327892C2D00D3A03F /* Products */,
				06E917C3279B42F700DEA189 /* Frameworks */,
			);
			sourceTree = "<group>";
		};
		06809D6327892C2D00D3A03F /* Products */ = {
			isa = PBXGroup;
			children = (
				06809D6227892C2D00D3A03F /* TapToMakeAnApp.app */,
			);
			name = Products;
			sourceTree = "<group>";
		};
		06809D6427892C2D00D3A03F /* TapToMakeAnApp */ = {
			isa = PBXGroup;
			children = (
				06E917E127A0809200DEA189 /* Game Center */,
				06E917DC279F6A7400DEA189 /* TapToMakeAnApp.entitlements */,
				06809D6527892C2D00D3A03F /* AppDelegate.swift */,
				06809D6D27892C2D00D3A03F /* GameViewController.swift */,
				062F8619278CFC67008785FF /* Scene */,
				065B7C2427921C84007E258B /* Data */,
				062F8613278CE6CF008785FF /* Extension */,
				06809D7F278CAF2F00D3A03F /* Class */,
				06809D6F27892C2D00D3A03F /* Main.storyboard */,
				06809D7227892C2F00D3A03F /* Assets.xcassets */,
				06809D7427892C2F00D3A03F /* LaunchScreen.storyboard */,
				06809D87278CB90400D3A03F /* Pixel.ttf */,
				06E917EA27A1D74C00DEA189 /* munro.ttf */,
			);
			path = TapToMakeAnApp;
			sourceTree = "<group>";
		};
		06809D7F278CAF2F00D3A03F /* Class */ = {
			isa = PBXGroup;
			children = (
				062F8626278E0634008785FF /* timerDeadLine.swift */,
				062F8628278E063D008785FF /* Node */,
				062F861E278D067B008785FF /* Terminals */,
			);
			path = Class;
			sourceTree = "<group>";
		};
		06E917C3279B42F700DEA189 /* Frameworks */ = {
			isa = PBXGroup;
			children = (
				06E917C6279B437B00DEA189 /* GameKit.framework */,
			);
			name = Frameworks;
			sourceTree = "<group>";
		};
		06E917C8279B560D00DEA189 /* Modal */ = {
			isa = PBXGroup;
			children = (
				06E917C9279B562700DEA189 /* ModelData.swift */,
			);
			path = Modal;
			sourceTree = "<group>";
		};
		06E917CB279B59F400DEA189 /* json */ = {
			isa = PBXGroup;
			children = (
				06E917CC279B5AC800DEA189 /* worker.json */,
				06E917CE279B5B1D00DEA189 /* upgrades.json */,
				06E917D0279B5B4500DEA189 /* workerType.json */,
			);
			path = json;
			sourceTree = "<group>";
		};
		06E917E127A0809200DEA189 /* Game Center */ = {
			isa = PBXGroup;
			children = (
				06E917E227A080A900DEA189 /* ManegerGamerCenter.swift */,
			);
			path = "Game Center";
			sourceTree = "<group>";
		};
/* End PBXGroup section */

/* Begin PBXNativeTarget section */
		06809D6127892C2D00D3A03F /* TapToMakeAnApp */ = {
			isa = PBXNativeTarget;
			buildConfigurationList = 06809D7927892C2F00D3A03F /* Build configuration list for PBXNativeTarget "TapToMakeAnApp" */;
			buildPhases = (
				06809D5E27892C2D00D3A03F /* Sources */,
				06809D5F27892C2D00D3A03F /* Frameworks */,
				06809D6027892C2D00D3A03F /* Resources */,
			);
			buildRules = (
			);
			dependencies = (
			);
			name = TapToMakeAnApp;
			productName = TapToMakeAnApp;
			productReference = 06809D6227892C2D00D3A03F /* TapToMakeAnApp.app */;
			productType = "com.apple.product-type.application";
		};
/* End PBXNativeTarget section */

/* Begin PBXProject section */
		06809D5A27892C2D00D3A03F /* Project object */ = {
			isa = PBXProject;
			attributes = {
				BuildIndependentTargetsInParallel = 1;
				LastSwiftUpdateCheck = 1320;
				LastUpgradeCheck = 1320;
				TargetAttributes = {
					06809D6127892C2D00D3A03F = {
						CreatedOnToolsVersion = 13.2.1;
					};
				};
			};
			buildConfigurationList = 06809D5D27892C2D00D3A03F /* Build configuration list for PBXProject "TapToMakeAnApp" */;
			compatibilityVersion = "Xcode 13.0";
			developmentRegion = en;
			hasScannedForEncodings = 0;
			knownRegions = (
				en,
				Base,
			);
			mainGroup = 06809D5927892C2D00D3A03F;
			productRefGroup = 06809D6327892C2D00D3A03F /* Products */;
			projectDirPath = "";
			projectRoot = "";
			targets = (
				06809D6127892C2D00D3A03F /* TapToMakeAnApp */,
			);
		};
/* End PBXProject section */

/* Begin PBXResourcesBuildPhase section */
		06809D6027892C2D00D3A03F /* Resources */ = {
			isa = PBXResourcesBuildPhase;
			buildActionMask = 2147483647;
			files = (
				06809D7127892C2D00D3A03F /* Main.storyboard in Resources */,
				06809D7327892C2F00D3A03F /* Assets.xcassets in Resources */,
				06809D7627892C2F00D3A03F /* LaunchScreen.storyboard in Resources */,
				06809D8A278CBC5200D3A03F /* Pixel.ttf in Resources */,
				06E917CF279B5B1D00DEA189 /* upgrades.json in Resources */,
				06E917D1279B5B4500DEA189 /* workerType.json in Resources */,
				06E917EB27A1D74D00DEA189 /* munro.ttf in Resources */,
				06E917CD279B5AC800DEA189 /* worker.json in Resources */,
			);
			runOnlyForDeploymentPostprocessing = 0;
		};
/* End PBXResourcesBuildPhase section */

/* Begin PBXSourcesBuildPhase section */
		06809D5E27892C2D00D3A03F /* Sources */ = {
			isa = PBXSourcesBuildPhase;
			buildActionMask = 2147483647;
			files = (
				06012DAC278E6CD200964E0E /* PhrasesCode.swift in Sources */,
				06809D81278CAF8500D3A03F /* DeskNode.swift in Sources */,
				065B7C1D2790F090007E258B /* TerminalServer.swift in Sources */,
				06E917BD279A14B300DEA189 /* Upgrade.swift in Sources */,
				06012DAA278E658B00964E0E /* Worker.swift in Sources */,
				06E917EF27A33E3300DEA189 /* Int+NumRedable.swift in Sources */,
				06809D6C27892C2D00D3A03F /* GameSceneOffice.swift in Sources */,
				062F8618278CE972008785FF /* ColorPalete.swift in Sources */,
				06E917ED27A1E94400DEA189 /* tutorialNode.swift in Sources */,
				062F8615278CE702008785FF /* SpriteNode+Border.swift in Sources */,
				062F862C278E236D008785FF /* TerminalTeam.swift in Sources */,
				065B7C212791E337007E258B /* SellAppNode.swift in Sources */,
				062F8627278E0634008785FF /* timerDeadLine.swift in Sources */,
				06E917E527A08E3300DEA189 /* RankButtonNode.swift in Sources */,
				0686D84D27972F85007C3533 /* WorkerType.swift in Sources */,
				0686D84B2796120C007C3533 /* InfoButton.swift in Sources */,
				062F8620278D13D4008785FF /* CodeNode.swift in Sources */,
				06809D93278CD29100D3A03F /* ButtonTabBarNode.swift in Sources */,
				0686D8512798CD72007C3533 /* SKScene+RainMoney.swift in Sources */,
				066623012790B76C0072A6E4 /* TerminalDocs.swift in Sources */,
				066622FF2790B56F0072A6E4 /* GameSceneDocs.swift in Sources */,
				065B7C1F27910908007E258B /* ServerNode.swift in Sources */,
				0686D84F279751B7007C3533 /* EnumWorkweType3.swift in Sources */,
				065B7C192790EDD5007E258B /* App.swift in Sources */,
				06809D90278CCFF600D3A03F /* WindowNode.swift in Sources */,
				065B7C232792108A007E258B /* Player.swift in Sources */,
				06E917B7279A0C6700DEA189 /* BoxNode.swift in Sources */,
				06809D8E278CC2F700D3A03F /* ScreemNode.swift in Sources */,
				06809D6E27892C2D00D3A03F /* GameViewController.swift in Sources */,
				06E917B9279A0CA600DEA189 /* GameSceneShop.swift in Sources */,
				06E917CA279B562700DEA189 /* ModelData.swift in Sources */,
				062F8624278DFF98008785FF /* GameSceneTeam.swift in Sources */,
				06809D6627892C2D00D3A03F /* AppDelegate.swift in Sources */,
				06E917E327A080A900DEA189 /* ManegerGamerCenter.swift in Sources */,
				06E917BB279A10F600DEA189 /* TerminalShop.swift in Sources */,
				06012DB0278E721B00964E0E /* WorkerNode.swift in Sources */,
				065B7C1B2790F05B007E258B /* GameSceneServer.swift in Sources */,
				06809D8C278CBCCE00D3A03F /* BackgroundNode.swift in Sources */,
				06E917E927A0A51300DEA189 /* EnumWorkweType2.swift in Sources */,
				06E917C1279A1C4B00DEA189 /* UpgradeNode.swift in Sources */,
				062F861D278D0675008785FF /* TerminalOffice.swift in Sources */,
			);
			runOnlyForDeploymentPostprocessing = 0;
		};
/* End PBXSourcesBuildPhase section */

/* Begin PBXVariantGroup section */
		06809D6F27892C2D00D3A03F /* Main.storyboard */ = {
			isa = PBXVariantGroup;
			children = (
				06809D7027892C2D00D3A03F /* Base */,
				06E917E0279F778E00DEA189 /* en */,
			);
			name = Main.storyboard;
			sourceTree = "<group>";
		};
		06809D7427892C2F00D3A03F /* LaunchScreen.storyboard */ = {
			isa = PBXVariantGroup;
			children = (
				06809D7527892C2F00D3A03F /* Base */,
			);
			name = LaunchScreen.storyboard;
			sourceTree = "<group>";
		};
/* End PBXVariantGroup section */

/* Begin XCBuildConfiguration section */
		06809D7727892C2F00D3A03F /* Debug */ = {
			isa = XCBuildConfiguration;
			buildSettings = {
				ALWAYS_SEARCH_USER_PATHS = NO;
				CLANG_ANALYZER_NONNULL = YES;
				CLANG_ANALYZER_NUMBER_OBJECT_CONVERSION = YES_AGGRESSIVE;
				CLANG_CXX_LANGUAGE_STANDARD = "gnu++17";
				CLANG_CXX_LIBRARY = "libc++";
				CLANG_ENABLE_MODULES = YES;
				CLANG_ENABLE_OBJC_ARC = YES;
				CLANG_ENABLE_OBJC_WEAK = YES;
				CLANG_WARN_BLOCK_CAPTURE_AUTORELEASING = YES;
				CLANG_WARN_BOOL_CONVERSION = YES;
				CLANG_WARN_COMMA = YES;
				CLANG_WARN_CONSTANT_CONVERSION = YES;
				CLANG_WARN_DEPRECATED_OBJC_IMPLEMENTATIONS = YES;
				CLANG_WARN_DIRECT_OBJC_ISA_USAGE = YES_ERROR;
				CLANG_WARN_DOCUMENTATION_COMMENTS = YES;
				CLANG_WARN_EMPTY_BODY = YES;
				CLANG_WARN_ENUM_CONVERSION = YES;
				CLANG_WARN_INFINITE_RECURSION = YES;
				CLANG_WARN_INT_CONVERSION = YES;
				CLANG_WARN_NON_LITERAL_NULL_CONVERSION = YES;
				CLANG_WARN_OBJC_IMPLICIT_RETAIN_SELF = YES;
				CLANG_WARN_OBJC_LITERAL_CONVERSION = YES;
				CLANG_WARN_OBJC_ROOT_CLASS = YES_ERROR;
				CLANG_WARN_QUOTED_INCLUDE_IN_FRAMEWORK_HEADER = YES;
				CLANG_WARN_RANGE_LOOP_ANALYSIS = YES;
				CLANG_WARN_STRICT_PROTOTYPES = YES;
				CLANG_WARN_SUSPICIOUS_MOVE = YES;
				CLANG_WARN_UNGUARDED_AVAILABILITY = YES_AGGRESSIVE;
				CLANG_WARN_UNREACHABLE_CODE = YES;
				CLANG_WARN__DUPLICATE_METHOD_MATCH = YES;
				COPY_PHASE_STRIP = NO;
				DEBUG_INFORMATION_FORMAT = dwarf;
				ENABLE_STRICT_OBJC_MSGSEND = YES;
				ENABLE_TESTABILITY = YES;
				GCC_C_LANGUAGE_STANDARD = gnu11;
				GCC_DYNAMIC_NO_PIC = NO;
				GCC_NO_COMMON_BLOCKS = YES;
				GCC_OPTIMIZATION_LEVEL = 0;
				GCC_PREPROCESSOR_DEFINITIONS = (
					"DEBUG=1",
					"$(inherited)",
				);
				GCC_WARN_64_TO_32_BIT_CONVERSION = YES;
				GCC_WARN_ABOUT_RETURN_TYPE = YES_ERROR;
				GCC_WARN_UNDECLARED_SELECTOR = YES;
				GCC_WARN_UNINITIALIZED_AUTOS = YES_AGGRESSIVE;
				GCC_WARN_UNUSED_FUNCTION = YES;
				GCC_WARN_UNUSED_VARIABLE = YES;
				IPHONEOS_DEPLOYMENT_TARGET = 15.2;
				MTL_ENABLE_DEBUG_INFO = INCLUDE_SOURCE;
				MTL_FAST_MATH = YES;
				ONLY_ACTIVE_ARCH = YES;
				SDKROOT = iphoneos;
				SWIFT_ACTIVE_COMPILATION_CONDITIONS = DEBUG;
				SWIFT_OPTIMIZATION_LEVEL = "-Onone";
			};
			name = Debug;
		};
		06809D7827892C2F00D3A03F /* Release */ = {
			isa = XCBuildConfiguration;
			buildSettings = {
				ALWAYS_SEARCH_USER_PATHS = NO;
				CLANG_ANALYZER_NONNULL = YES;
				CLANG_ANALYZER_NUMBER_OBJECT_CONVERSION = YES_AGGRESSIVE;
				CLANG_CXX_LANGUAGE_STANDARD = "gnu++17";
				CLANG_CXX_LIBRARY = "libc++";
				CLANG_ENABLE_MODULES = YES;
				CLANG_ENABLE_OBJC_ARC = YES;
				CLANG_ENABLE_OBJC_WEAK = YES;
				CLANG_WARN_BLOCK_CAPTURE_AUTORELEASING = YES;
				CLANG_WARN_BOOL_CONVERSION = YES;
				CLANG_WARN_COMMA = YES;
				CLANG_WARN_CONSTANT_CONVERSION = YES;
				CLANG_WARN_DEPRECATED_OBJC_IMPLEMENTATIONS = YES;
				CLANG_WARN_DIRECT_OBJC_ISA_USAGE = YES_ERROR;
				CLANG_WARN_DOCUMENTATION_COMMENTS = YES;
				CLANG_WARN_EMPTY_BODY = YES;
				CLANG_WARN_ENUM_CONVERSION = YES;
				CLANG_WARN_INFINITE_RECURSION = YES;
				CLANG_WARN_INT_CONVERSION = YES;
				CLANG_WARN_NON_LITERAL_NULL_CONVERSION = YES;
				CLANG_WARN_OBJC_IMPLICIT_RETAIN_SELF = YES;
				CLANG_WARN_OBJC_LITERAL_CONVERSION = YES;
				CLANG_WARN_OBJC_ROOT_CLASS = YES_ERROR;
				CLANG_WARN_QUOTED_INCLUDE_IN_FRAMEWORK_HEADER = YES;
				CLANG_WARN_RANGE_LOOP_ANALYSIS = YES;
				CLANG_WARN_STRICT_PROTOTYPES = YES;
				CLANG_WARN_SUSPICIOUS_MOVE = YES;
				CLANG_WARN_UNGUARDED_AVAILABILITY = YES_AGGRESSIVE;
				CLANG_WARN_UNREACHABLE_CODE = YES;
				CLANG_WARN__DUPLICATE_METHOD_MATCH = YES;
				COPY_PHASE_STRIP = NO;
				DEBUG_INFORMATION_FORMAT = "dwarf-with-dsym";
				ENABLE_NS_ASSERTIONS = NO;
				ENABLE_STRICT_OBJC_MSGSEND = YES;
				GCC_C_LANGUAGE_STANDARD = gnu11;
				GCC_NO_COMMON_BLOCKS = YES;
				GCC_WARN_64_TO_32_BIT_CONVERSION = YES;
				GCC_WARN_ABOUT_RETURN_TYPE = YES_ERROR;
				GCC_WARN_UNDECLARED_SELECTOR = YES;
				GCC_WARN_UNINITIALIZED_AUTOS = YES_AGGRESSIVE;
				GCC_WARN_UNUSED_FUNCTION = YES;
				GCC_WARN_UNUSED_VARIABLE = YES;
				IPHONEOS_DEPLOYMENT_TARGET = 15.2;
				MTL_ENABLE_DEBUG_INFO = NO;
				MTL_FAST_MATH = YES;
				SDKROOT = iphoneos;
				SWIFT_COMPILATION_MODE = wholemodule;
				SWIFT_OPTIMIZATION_LEVEL = "-O";
				VALIDATE_PRODUCT = YES;
			};
			name = Release;
		};
		06809D7A27892C2F00D3A03F /* Debug */ = {
			isa = XCBuildConfiguration;
			buildSettings = {
				ASSETCATALOG_COMPILER_APPICON_NAME = AppIcon;
				ASSETCATALOG_COMPILER_GLOBAL_ACCENT_COLOR_NAME = AccentColor;
				CODE_SIGN_ENTITLEMENTS = TapToMakeAnApp/TapToMakeAnApp.entitlements;
				CODE_SIGN_STYLE = Automatic;
				CURRENT_PROJECT_VERSION = 4;
				DEVELOPMENT_TEAM = NHY67K6358;
				GENERATE_INFOPLIST_FILE = YES;
				INFOPLIST_FILE = TapToMakeAnApp/Info.plist;
				INFOPLIST_KEY_UIApplicationSupportsIndirectInputEvents = YES;
				INFOPLIST_KEY_UILaunchStoryboardName = LaunchScreen;
				INFOPLIST_KEY_UIMainStoryboardFile = Main;
				INFOPLIST_KEY_UIRequiredDeviceCapabilities = gamekit;
				INFOPLIST_KEY_UIRequiresFullScreen = YES;
				INFOPLIST_KEY_UIStatusBarHidden = NO;
				INFOPLIST_KEY_UISupportedInterfaceOrientations = UIInterfaceOrientationPortrait;
				INFOPLIST_KEY_UISupportedInterfaceOrientations_iPad = UIInterfaceOrientationPortrait;
				INFOPLIST_KEY_UISupportedInterfaceOrientations_iPhone = UIInterfaceOrientationPortrait;
				IPHONEOS_DEPLOYMENT_TARGET = 14.0;
				LD_RUNPATH_SEARCH_PATHS = (
					"$(inherited)",
					"@executable_path/Frameworks",
				);
				MARKETING_VERSION = 0.1.0;
				PRODUCT_BUNDLE_IDENTIFIER = com.vitorCheung.TapToMakeAnApp;
				PRODUCT_NAME = "$(TARGET_NAME)";
				SWIFT_EMIT_LOC_STRINGS = YES;
				SWIFT_VERSION = 5.0;
				TARGETED_DEVICE_FAMILY = "1,2";
			};
			name = Debug;
		};
		06809D7B27892C2F00D3A03F /* Release */ = {
			isa = XCBuildConfiguration;
			buildSettings = {
				ASSETCATALOG_COMPILER_APPICON_NAME = AppIcon;
				ASSETCATALOG_COMPILER_GLOBAL_ACCENT_COLOR_NAME = AccentColor;
				CODE_SIGN_ENTITLEMENTS = TapToMakeAnApp/TapToMakeAnApp.entitlements;
				CODE_SIGN_STYLE = Automatic;
				CURRENT_PROJECT_VERSION = 4;
				DEVELOPMENT_TEAM = NHY67K6358;
				GENERATE_INFOPLIST_FILE = YES;
				INFOPLIST_FILE = TapToMakeAnApp/Info.plist;
				INFOPLIST_KEY_UIApplicationSupportsIndirectInputEvents = YES;
				INFOPLIST_KEY_UILaunchStoryboardName = LaunchScreen;
				INFOPLIST_KEY_UIMainStoryboardFile = Main;
				INFOPLIST_KEY_UIRequiredDeviceCapabilities = gamekit;
				INFOPLIST_KEY_UIRequiresFullScreen = YES;
				INFOPLIST_KEY_UIStatusBarHidden = NO;
				INFOPLIST_KEY_UISupportedInterfaceOrientations = UIInterfaceOrientationPortrait;
				INFOPLIST_KEY_UISupportedInterfaceOrientations_iPad = UIInterfaceOrientationPortrait;
				INFOPLIST_KEY_UISupportedInterfaceOrientations_iPhone = UIInterfaceOrientationPortrait;
				IPHONEOS_DEPLOYMENT_TARGET = 14.0;
				LD_RUNPATH_SEARCH_PATHS = (
					"$(inherited)",
					"@executable_path/Frameworks",
				);
				MARKETING_VERSION = 0.1.0;
				PRODUCT_BUNDLE_IDENTIFIER = com.vitorCheung.TapToMakeAnApp;
				PRODUCT_NAME = "$(TARGET_NAME)";
				SWIFT_EMIT_LOC_STRINGS = YES;
				SWIFT_VERSION = 5.0;
				TARGETED_DEVICE_FAMILY = "1,2";
			};
			name = Release;
		};
/* End XCBuildConfiguration section */

/* Begin XCConfigurationList section */
		06809D5D27892C2D00D3A03F /* Build configuration list for PBXProject "TapToMakeAnApp" */ = {
			isa = XCConfigurationList;
			buildConfigurations = (
				06809D7727892C2F00D3A03F /* Debug */,
				06809D7827892C2F00D3A03F /* Release */,
			);
			defaultConfigurationIsVisible = 0;
			defaultConfigurationName = Release;
		};
		06809D7927892C2F00D3A03F /* Build configuration list for PBXNativeTarget "TapToMakeAnApp" */ = {
			isa = XCConfigurationList;
			buildConfigurations = (
				06809D7A27892C2F00D3A03F /* Debug */,
				06809D7B27892C2F00D3A03F /* Release */,
			);
			defaultConfigurationIsVisible = 0;
			defaultConfigurationName = Release;
		};
/* End XCConfigurationList section */
	};
	rootObject = 06809D5A27892C2D00D3A03F /* Project object */;
}
